github.com/lionkov/go9p v0.0.0-20180620135904-0a603dd6808a h1:5dYGzewut3Sp6+B7QFKioGh9+BovMF02FLDWja1Qbzo=
github.com/lionkov/go9p v0.0.0-20180620135904-0a603dd6808a/go.mod h1:Nbrxd4FljESFB/bUvzT5xm1VNO2VfzMKSIv4L++4J4U=
golang.org/x/sys v0.16.0 h1:xWw16ngr6ZMtmxDyKyIgsE93KNKz5HKmMa3b8ALHidU=
golang.org/x/sys v0.16.0/go.mod h1:/VUhepiaJMQUp4+oa/7Zr1D23ma6VTLIYjOOTFZPUcA=
